
Microsoft Visual Studio Solution File, Format Version 12.00
# Visual Studio 14
VisualStudioVersion = 14.0.25420.1
MinimumVisualStudioVersion = 10.0.40219.1
Project("{FAE04EC0-301F-11D3-BF4B-00C04F79EFBC}") = "Firebase", "Firebase\Firebase.csproj", "{B4DD459D-65B5-4852-8877-69E279892807}"
EndProject
Project("{FAE04EC0-301F-11D3-BF4B-00C04F79EFBC}") = "Firebase.Platform", "Firebase.Platform\Firebase.Platform.csproj", "{46FF3BE3-5AEE-41EF-A020-6B29FA2AAD5C}"
	ProjectSection(ProjectDependencies) = postProject
		{B4DD459D-65B5-4852-8877-69E279892807} = {B4DD459D-65B5-4852-8877-69E279892807}
	EndProjectSection
EndProject
Project("{FAE04EC0-301F-11D3-BF4B-00C04F79EFBC}") = "Firebase.Tests", "Firebase.Tests\Firebase.Tests.csproj", "{469B6CCB-EE78-4568-82FC-5DF4447126FD}"
	ProjectSection(ProjectDependencies) = postProject
		{B4DD459D-65B5-4852-8877-69E279892807} = {B4DD459D-65B5-4852-8877-69E279892807}
	EndProjectSection
EndProject
Global
	GlobalSection(SolutionConfigurationPlatforms) = preSolution
		Debug|Any CPU = Debug|Any CPU
		Release|Any CPU = Release|Any CPU
	EndGlobalSection
	GlobalSection(ProjectConfigurationPlatforms) = postSolution
		{B4DD459D-65B5-4852-8877-69E279892807}.Debug|Any CPU.ActiveCfg = Debug|Any CPU
		{B4DD459D-65B5-4852-8877-69E279892807}.Debug|Any CPU.Build.0 = Debug|Any CPU
		{B4DD459D-65B5-4852-8877-69E279892807}.Release|Any CPU.ActiveCfg = Release|Any CPU
		{B4DD459D-65B5-4852-8877-69E279892807}.Release|Any CPU.Build.0 = Release|Any CPU
		{46FF3BE3-5AEE-41EF-A020-6B29FA2AAD5C}.Debug|Any CPU.ActiveCfg = Debug|Any CPU
		{46FF3BE3-5AEE-41EF-A020-6B29FA2AAD5C}.Debug|Any CPU.Build.0 = Debug|Any CPU
		{46FF3BE3-5AEE-41EF-A020-6B29FA2AAD5C}.Release|Any CPU.ActiveCfg = Release|Any CPU
		{46FF3BE3-5AEE-41EF-A020-6B29FA2AAD5C}.Release|Any CPU.Build.0 = Release|Any CPU
		{469B6CCB-EE78-4568-82FC-5DF4447126FD}.Debug|Any CPU.ActiveCfg = Debug|Any CPU
		{469B6CCB-EE78-4568-82FC-5DF4447126FD}.Debug|Any CPU.Build.0 = Debug|Any CPU
		{469B6CCB-EE78-4568-82FC-5DF4447126FD}.Release|Any CPU.ActiveCfg = Release|Any CPU
		{469B6CCB-EE78-4568-82FC-5DF4447126FD}.Release|Any CPU.Build.0 = Release|Any CPU
	EndGlobalSection
	GlobalSection(SolutionProperties) = preSolution
		HideSolutionNode = FALSE
	EndGlobalSection
EndGlobal
